PODS:
  - CashfreeAnalyticsSDK (2.0.0):
    - CFNetworkSDK (~> 2.0.0)
  - CashfreePG (2.0.0):
    - CashfreePGUISDK (~> 2.0.0)
  - CashfreePGCoreSDK (2.0.0):
    - CashfreeAnalyticsSDK (~> 2.0.0)
  - CashfreePGUISDK (2.0.0):
    - CashfreePGCoreSDK (~> 2.0.0)
  - CFNetworkSDK (2.0.0)

DEPENDENCIES:
  - CashfreePG (~> 2.0.0)

SPEC REPOS:
  trunk:
    - CashfreeAnalyticsSDK
    - CashfreePG
    - CashfreePGCoreSDK
    - CashfreePGUISDK
    - CFNetworkSDK

SPEC CHECKSUMS:
  CashfreeAnalyticsSDK: d36845057f2f2bfda662dbe8c29a64f56805ec48
  CashfreePG: 7769ed6e00cd51212445ce90095a5badaaaa727a
  CashfreePGCoreSDK: eaf0d67512df1bbad66fbede51bc36bb5f094660
  CashfreePGUISDK: 3b4027504f9ec1fc0af52e8d9a5bf60c16639688
  CFNetworkSDK: fca644b42b741bd154764bc2c67d85008a9be489

PODFILE CHECKSUM: f56c0ad1e67a3cfc34b7a2b38e3e47fefe931dea

COCOAPODS: 1.11.2
